
Microsoft Visual Studio Solution File, Format Version 12.00
# Visual Studio Version 17
VisualStudioVersion = 17.10.34916.146
MinimumVisualStudioVersion = 10.0.40219.1
Project("{8BC9CEB8-8B4A-11D0-8D11-00A0C91BC942}") = "IntroductionToOOP", "IntroductionToOOP\IntroductionToOOP.vcxproj", "{B4E73D1E-B4A7-4858-897C-FBF31718658D}"
EndProject
Project("{8BC9CEB8-8B4A-11D0-8D11-00A0C91BC942}") = "ClassExample", "ClassExample\ClassExample.vcxproj", "{FE588C80-2C42-4120-B4A9-7F47477EA670}"
EndProject
Project("{8BC9CEB8-8B4A-11D0-8D11-00A0C91BC942}") = "Fraction", "Fraction\Fraction.vcxproj", "{E725F0B3-8BA0-43DA-AC68-64F015DEAA43}"
EndProject
Project("{8BC9CEB8-8B4A-11D0-8D11-00A0C91BC942}") = "String", "String\String.vcxproj", "{E1D13DAB-FA2E-43B2-B269-FB516753AE0C}"
EndProject
Global
	GlobalSection(SolutionConfigurationPlatforms) = preSolution
		Debug|x64 = Debug|x64
		Debug|x86 = Debug|x86
		Release|x64 = Release|x64
		Release|x86 = Release|x86
	EndGlobalSection
	GlobalSection(ProjectConfigurationPlatforms) = postSolution
		{B4E73D1E-B4A7-4858-897C-FBF31718658D}.Debug|x64.ActiveCfg = Debug|x64
		{B4E73D1E-B4A7-4858-897C-FBF31718658D}.Debug|x64.Build.0 = Debug|x64
		{B4E73D1E-B4A7-4858-897C-FBF31718658D}.Debug|x86.ActiveCfg = Debug|Win32
		{B4E73D1E-B4A7-4858-897C-FBF31718658D}.Debug|x86.Build.0 = Debug|Win32
		{B4E73D1E-B4A7-4858-897C-FBF31718658D}.Release|x64.ActiveCfg = Release|x64
		{B4E73D1E-B4A7-4858-897C-FBF31718658D}.Release|x64.Build.0 = Release|x64
		{B4E73D1E-B4A7-4858-897C-FBF31718658D}.Release|x86.ActiveCfg = Release|Win32
		{B4E73D1E-B4A7-4858-897C-FBF31718658D}.Release|x86.Build.0 = Release|Win32
		{FE588C80-2C42-4120-B4A9-7F47477EA670}.Debug|x64.ActiveCfg = Debug|x64
		{FE588C80-2C42-4120-B4A9-7F47477EA670}.Debug|x64.Build.0 = Debug|x64
		{FE588C80-2C42-4120-B4A9-7F47477EA670}.Debug|x86.ActiveCfg = Debug|Win32
		{FE588C80-2C42-4120-B4A9-7F47477EA670}.Debug|x86.Build.0 = Debug|Win32
		{FE588C80-2C42-4120-B4A9-7F47477EA670}.Release|x64.ActiveCfg = Release|x64
		{FE588C80-2C42-4120-B4A9-7F47477EA670}.Release|x64.Build.0 = Release|x64
		{FE588C80-2C42-4120-B4A9-7F47477EA670}.Release|x86.ActiveCfg = Release|Win32
		{FE588C80-2C42-4120-B4A9-7F47477EA670}.Release|x86.Build.0 = Release|Win32
		{E725F0B3-8BA0-43DA-AC68-64F015DEAA43}.Debug|x64.ActiveCfg = Debug|x64
		{E725F0B3-8BA0-43DA-AC68-64F015DEAA43}.Debug|x64.Build.0 = Debug|x64
		{E725F0B3-8BA0-43DA-AC68-64F015DEAA43}.Debug|x86.ActiveCfg = Debug|Win32
		{E725F0B3-8BA0-43DA-AC68-64F015DEAA43}.Debug|x86.Build.0 = Debug|Win32
		{E725F0B3-8BA0-43DA-AC68-64F015DEAA43}.Release|x64.ActiveCfg = Release|x64
		{E725F0B3-8BA0-43DA-AC68-64F015DEAA43}.Release|x64.Build.0 = Release|x64
		{E725F0B3-8BA0-43DA-AC68-64F015DEAA43}.Release|x86.ActiveCfg = Release|Win32
		{E725F0B3-8BA0-43DA-AC68-64F015DEAA43}.Release|x86.Build.0 = Release|Win32
		{E1D13DAB-FA2E-43B2-B269-FB516753AE0C}.Debug|x64.ActiveCfg = Debug|x64
		{E1D13DAB-FA2E-43B2-B269-FB516753AE0C}.Debug|x64.Build.0 = Debug|x64
		{E1D13DAB-FA2E-43B2-B269-FB516753AE0C}.Debug|x86.ActiveCfg = Debug|Win32
		{E1D13DAB-FA2E-43B2-B269-FB516753AE0C}.Debug|x86.Build.0 = Debug|Win32
		{E1D13DAB-FA2E-43B2-B269-FB516753AE0C}.Release|x64.ActiveCfg = Release|x64
		{E1D13DAB-FA2E-43B2-B269-FB516753AE0C}.Release|x64.Build.0 = Release|x64
		{E1D13DAB-FA2E-43B2-B269-FB516753AE0C}.Release|x86.ActiveCfg = Release|Win32
		{E1D13DAB-FA2E-43B2-B269-FB516753AE0C}.Release|x86.Build.0 = Release|Win32
	EndGlobalSection
	GlobalSection(SolutionProperties) = preSolution
		HideSolutionNode = FALSE
	EndGlobalSection
	GlobalSection(ExtensibilityGlobals) = postSolution
		SolutionGuid = {6FFBC648-B947-4CCA-ADDC-2A087A755BB2}
	EndGlobalSection
EndGlobal
